
Microsoft Visual Studio Solution File, Format Version 12.00
# Visual Studio 15
VisualStudioVersion = 15.0.28307.271
MinimumVisualStudioVersion = 10.0.40219.1
Project("{FAE04EC0-301F-11D3-BF4B-00C04F79EFBC}") = "Calculator", "Calculator\Calculator.csproj", "{E81E71D1-28AF-498B-9B7F-3BB340EA18E1}"
EndProject
Project("{FAE04EC0-301F-11D3-BF4B-00C04F79EFBC}") = "Calculator.UnitTest", "Calculator.UnitTest\Calculator.UnitTest.csproj", "{5237EA8C-5CAB-41C6-AD92-5822004B84EE}"
EndProject
Global
	GlobalSection(SolutionConfigurationPlatforms) = preSolution
		Debug|Any CPU = Debug|Any CPU
		Release|Any CPU = Release|Any CPU
	EndGlobalSection
	GlobalSection(ProjectConfigurationPlatforms) = postSolution
		{E81E71D1-28AF-498B-9B7F-3BB340EA18E1}.Debug|Any CPU.ActiveCfg = Debug|Any CPU
		{E81E71D1-28AF-498B-9B7F-3BB340EA18E1}.Debug|Any CPU.Build.0 = Debug|Any CPU
		{E81E71D1-28AF-498B-9B7F-3BB340EA18E1}.Release|Any CPU.ActiveCfg = Release|Any CPU
		{E81E71D1-28AF-498B-9B7F-3BB340EA18E1}.Release|Any CPU.Build.0 = Release|Any CPU
		{5237EA8C-5CAB-41C6-AD92-5822004B84EE}.Debug|Any CPU.ActiveCfg = Debug|Any CPU
		{5237EA8C-5CAB-41C6-AD92-5822004B84EE}.Debug|Any CPU.Build.0 = Debug|Any CPU
		{5237EA8C-5CAB-41C6-AD92-5822004B84EE}.Release|Any CPU.ActiveCfg = Release|Any CPU
		{5237EA8C-5CAB-41C6-AD92-5822004B84EE}.Release|Any CPU.Build.0 = Release|Any CPU
	EndGlobalSection
	GlobalSection(SolutionProperties) = preSolution
		HideSolutionNode = FALSE
	EndGlobalSection
	GlobalSection(ExtensibilityGlobals) = postSolution
		SolutionGuid = {7F144148-CF71-4BD8-A18D-333D19CB79B9}
	EndGlobalSection
EndGlobal
